
Microsoft Visual Studio Solution File, Format Version 12.00
# Visual Studio Version 17
VisualStudioVersion = 17.5.33530.505
MinimumVisualStudioVersion = 10.0.40219.1
Project("{8BC9CEB8-8B4A-11D0-8D11-00A0C91BC942}") = "LAB3_SDA", "LAB3_SDA.vcxproj", "{03CC1D5C-C00E-4126-8A2E-8C1DAF5D82AB}"
EndProject
Global
	GlobalSection(SolutionConfigurationPlatforms) = preSolution
		Debug|x64 = Debug|x64
		Debug|x86 = Debug|x86
		Release|x64 = Release|x64
		Release|x86 = Release|x86
	EndGlobalSection
	GlobalSection(ProjectConfigurationPlatforms) = postSolution
		{03CC1D5C-C00E-4126-8A2E-8C1DAF5D82AB}.Debug|x64.ActiveCfg = Debug|x64
		{03CC1D5C-C00E-4126-8A2E-8C1DAF5D82AB}.Debug|x64.Build.0 = Debug|x64
		{03CC1D5C-C00E-4126-8A2E-8C1DAF5D82AB}.Debug|x86.ActiveCfg = Debug|Win32
		{03CC1D5C-C00E-4126-8A2E-8C1DAF5D82AB}.Debug|x86.Build.0 = Debug|Win32
		{03CC1D5C-C00E-4126-8A2E-8C1DAF5D82AB}.Release|x64.ActiveCfg = Release|x64
		{03CC1D5C-C00E-4126-8A2E-8C1DAF5D82AB}.Release|x64.Build.0 = Release|x64
		{03CC1D5C-C00E-4126-8A2E-8C1DAF5D82AB}.Release|x86.ActiveCfg = Release|Win32
		{03CC1D5C-C00E-4126-8A2E-8C1DAF5D82AB}.Release|x86.Build.0 = Release|Win32
	EndGlobalSection
	GlobalSection(SolutionProperties) = preSolution
		HideSolutionNode = FALSE
	EndGlobalSection
	GlobalSection(ExtensibilityGlobals) = postSolution
		SolutionGuid = {228D5453-B413-4559-BD5D-22FF1B610090}
	EndGlobalSection
EndGlobal
